
Microsoft Visual Studio Solution File, Format Version 12.00
# Visual Studio Version 17
VisualStudioVersion = 17.0.32112.339
MinimumVisualStudioVersion = 10.0.40219.1
Project("{9A19103F-16F7-4668-BE54-9A1E7A4F7556}") = "UsefulGadgets", "UsefulGadgets.csproj", "{8E49CC16-6912-4CFC-8AAC-7AFEAC6B40EF}"
EndProject
Global
	GlobalSection(SolutionConfigurationPlatforms) = preSolution
		Debug|Any CPU = Debug|Any CPU
		Release|Any CPU = Release|Any CPU
	EndGlobalSection
	GlobalSection(ProjectConfigurationPlatforms) = postSolution
		{8E49CC16-6912-4CFC-8AAC-7AFEAC6B40EF}.Debug|Any CPU.ActiveCfg = Debug|Any CPU
		{8E49CC16-6912-4CFC-8AAC-7AFEAC6B40EF}.Debug|Any CPU.Build.0 = Debug|Any CPU
		{8E49CC16-6912-4CFC-8AAC-7AFEAC6B40EF}.Release|Any CPU.ActiveCfg = Release|Any CPU
		{8E49CC16-6912-4CFC-8AAC-7AFEAC6B40EF}.Release|Any CPU.Build.0 = Release|Any CPU
	EndGlobalSection
	GlobalSection(SolutionProperties) = preSolution
		HideSolutionNode = FALSE
	EndGlobalSection
	GlobalSection(ExtensibilityGlobals) = postSolution
		SolutionGuid = {C2195925-0C59-4FA7-9342-FDAAC340212E}
	EndGlobalSection
EndGlobal
